// !$*UTF8*$!
{
	archiveVersion = 1;
	classes = {
	};
	objectVersion = 55;
	objects = {

/* Begin PBXBuildFile section */
		6316E60E26FE33DC003F1DD0 /* R.swift in Sources */ = {isa = PBXBuildFile; fileRef = 6316E60D26FE33DC003F1DD0 /* R.swift */; };
		6316E61326FE5920003F1DD0 /* NewsController.swift in Sources */ = {isa = PBXBuildFile; fileRef = 6316E61126FE591F003F1DD0 /* NewsController.swift */; };
		6316E61726FE5A5E003F1DD0 /* NewsController.storyboard in Resources */ = {isa = PBXBuildFile; fileRef = 6316E61626FE5A5E003F1DD0 /* NewsController.storyboard */; };
		631AF27926EF9EA900938AFD /* FriendsCell.swift in Sources */ = {isa = PBXBuildFile; fileRef = 631AF27826EF9EA900938AFD /* FriendsCell.swift */; };
		631EE9CF26E7E9D4001B8C8D /* TabBar.storyboard in Resources */ = {isa = PBXBuildFile; fileRef = 631EE9CE26E7E9D4001B8C8D /* TabBar.storyboard */; };
		631EE9D126E7EA7C001B8C8D /* TabBarViewController.swift in Sources */ = {isa = PBXBuildFile; fileRef = 631EE9D026E7EA7C001B8C8D /* TabBarViewController.swift */; };
		631EE9DA26ECE41A001B8C8D /* Friends.storyboard in Resources */ = {isa = PBXBuildFile; fileRef = 631EE9D926ECE419001B8C8D /* Friends.storyboard */; };
		631EE9DC26ECE45F001B8C8D /* Communities.storyboard in Resources */ = {isa = PBXBuildFile; fileRef = 631EE9DB26ECE45F001B8C8D /* Communities.storyboard */; };
		631EE9DF26ECF2B5001B8C8D /* FriendsController.swift in Sources */ = {isa = PBXBuildFile; fileRef = 631EE9DE26ECF2B5001B8C8D /* FriendsController.swift */; };
		631EE9E126ECF2D1001B8C8D /* CommunitiesController.swift in Sources */ = {isa = PBXBuildFile; fileRef = 631EE9E026ECF2D1001B8C8D /* CommunitiesController.swift */; };
		631EE9E526ECFF92001B8C8D /* CommunitiesCell.swift in Sources */ = {isa = PBXBuildFile; fileRef = 631EE9E426ECFF92001B8C8D /* CommunitiesCell.swift */; };
		63425B5E26F35ECA00B8EB36 /* User.swift in Sources */ = {isa = PBXBuildFile; fileRef = 63425B5D26F35ECA00B8EB36 /* User.swift */; };
		63425B6026F35EF700B8EB36 /* Group.swift in Sources */ = {isa = PBXBuildFile; fileRef = 63425B5F26F35EF700B8EB36 /* Group.swift */; };
		637F296026EE8F8B003DA5E3 /* PhotoCollection.storyboard in Resources */ = {isa = PBXBuildFile; fileRef = 637F295F26EE8F8B003DA5E3 /* PhotoCollection.storyboard */; };
		637F296226EE8FB1003DA5E3 /* PhotoCollection.swift in Sources */ = {isa = PBXBuildFile; fileRef = 637F296126EE8FB1003DA5E3 /* PhotoCollection.swift */; };
		637F296426EE8FF8003DA5E3 /* SearchCommunities.swift in Sources */ = {isa = PBXBuildFile; fileRef = 637F296326EE8FF8003DA5E3 /* SearchCommunities.swift */; };
		637F296626EE9002003DA5E3 /* SearchCommunities.storyboard in Resources */ = {isa = PBXBuildFile; fileRef = 637F296526EE9002003DA5E3 /* SearchCommunities.storyboard */; };
		63A76CF726F1F8E800DF9557 /* PhotoCollectionCell.swift in Sources */ = {isa = PBXBuildFile; fileRef = 63A76CF626F1F8E700DF9557 /* PhotoCollectionCell.swift */; };
		63A76CF926F2013400DF9557 /* SearchCommunitiesCell.swift in Sources */ = {isa = PBXBuildFile; fileRef = 63A76CF826F2013400DF9557 /* SearchCommunitiesCell.swift */; };
		63EADA6F26FF6CBC000FCC40 /* NewsCell.swift in Sources */ = {isa = PBXBuildFile; fileRef = 63EADA6E26FF6CBC000FCC40 /* NewsCell.swift */; };
		63F6414526E500730039743F /* AppDelegate.swift in Sources */ = {isa = PBXBuildFile; fileRef = 63F6414426E500730039743F /* AppDelegate.swift */; };
		63F6414726E500730039743F /* SceneDelegate.swift in Sources */ = {isa = PBXBuildFile; fileRef = 63F6414626E500730039743F /* SceneDelegate.swift */; };
		63F6414926E500730039743F /* MainViewController.swift in Sources */ = {isa = PBXBuildFile; fileRef = 63F6414826E500730039743F /* MainViewController.swift */; };
		63F6414C26E500730039743F /* Main.storyboard in Resources */ = {isa = PBXBuildFile; fileRef = 63F6414A26E500730039743F /* Main.storyboard */; };
		63F6414E26E500740039743F /* Assets.xcassets in Resources */ = {isa = PBXBuildFile; fileRef = 63F6414D26E500740039743F /* Assets.xcassets */; };
		63F6415126E500750039743F /* LaunchScreen.storyboard in Resources */ = {isa = PBXBuildFile; fileRef = 63F6414F26E500750039743F /* LaunchScreen.storyboard */; };
/* End PBXBuildFile section */

/* Begin PBXFileReference section */
		6316E60D26FE33DC003F1DD0 /* R.swift */ = {isa = PBXFileReference; lastKnownFileType = sourcecode.swift; name = R.swift; path = TabsTable/R.swift; sourceTree = "<group>"; };
		6316E61126FE591F003F1DD0 /* NewsController.swift */ = {isa = PBXFileReference; lastKnownFileType = sourcecode.swift; path = NewsController.swift; sourceTree = "<group>"; };
		6316E61626FE5A5E003F1DD0 /* NewsController.storyboard */ = {isa = PBXFileReference; lastKnownFileType = file.storyboard; path = NewsController.storyboard; sourceTree = "<group>"; };
		631AF27826EF9EA900938AFD /* FriendsCell.swift */ = {isa = PBXFileReference; lastKnownFileType = sourcecode.swift; path = FriendsCell.swift; sourceTree = "<group>"; };
		631EE9CE26E7E9D4001B8C8D /* TabBar.storyboard */ = {isa = PBXFileReference; lastKnownFileType = file.storyboard; path = TabBar.storyboard; sourceTree = "<group>"; };
		631EE9D026E7EA7C001B8C8D /* TabBarViewController.swift */ = {isa = PBXFileReference; lastKnownFileType = sourcecode.swift; path = TabBarViewController.swift; sourceTree = "<group>"; };
		631EE9D926ECE419001B8C8D /* Friends.storyboard */ = {isa = PBXFileReference; lastKnownFileType = file.storyboard; path = Friends.storyboard; sourceTree = "<group>"; };
		631EE9DB26ECE45F001B8C8D /* Communities.storyboard */ = {isa = PBXFileReference; lastKnownFileType = file.storyboard; path = Communities.storyboard; sourceTree = "<group>"; };
		631EE9DE26ECF2B5001B8C8D /* FriendsController.swift */ = {isa = PBXFileReference; lastKnownFileType = sourcecode.swift; path = FriendsController.swift; sourceTree = "<group>"; };
		631EE9E026ECF2D1001B8C8D /* CommunitiesController.swift */ = {isa = PBXFileReference; lastKnownFileType = sourcecode.swift; path = CommunitiesController.swift; sourceTree = "<group>"; };
		631EE9E426ECFF92001B8C8D /* CommunitiesCell.swift */ = {isa = PBXFileReference; lastKnownFileType = sourcecode.swift; path = CommunitiesCell.swift; sourceTree = "<group>"; };
		63425B5D26F35ECA00B8EB36 /* User.swift */ = {isa = PBXFileReference; lastKnownFileType = sourcecode.swift; path = User.swift; sourceTree = "<group>"; };
		63425B5F26F35EF700B8EB36 /* Group.swift */ = {isa = PBXFileReference; lastKnownFileType = sourcecode.swift; path = Group.swift; sourceTree = "<group>"; };
		637F295F26EE8F8B003DA5E3 /* PhotoCollection.storyboard */ = {isa = PBXFileReference; lastKnownFileType = file.storyboard; path = PhotoCollection.storyboard; sourceTree = "<group>"; };
		637F296126EE8FB1003DA5E3 /* PhotoCollection.swift */ = {isa = PBXFileReference; lastKnownFileType = sourcecode.swift; path = PhotoCollection.swift; sourceTree = "<group>"; };
		637F296326EE8FF8003DA5E3 /* SearchCommunities.swift */ = {isa = PBXFileReference; lastKnownFileType = sourcecode.swift; path = SearchCommunities.swift; sourceTree = "<group>"; };
		637F296526EE9002003DA5E3 /* SearchCommunities.storyboard */ = {isa = PBXFileReference; lastKnownFileType = file.storyboard; path = SearchCommunities.storyboard; sourceTree = "<group>"; };
		63A76CF626F1F8E700DF9557 /* PhotoCollectionCell.swift */ = {isa = PBXFileReference; lastKnownFileType = sourcecode.swift; path = PhotoCollectionCell.swift; sourceTree = "<group>"; };
		63A76CF826F2013400DF9557 /* SearchCommunitiesCell.swift */ = {isa = PBXFileReference; lastKnownFileType = sourcecode.swift; path = SearchCommunitiesCell.swift; sourceTree = "<group>"; };
		63EADA6E26FF6CBC000FCC40 /* NewsCell.swift */ = {isa = PBXFileReference; lastKnownFileType = sourcecode.swift; path = NewsCell.swift; sourceTree = "<group>"; };
		63F6414126E500730039743F /* 1 lesson.app */ = {isa = PBXFileReference; explicitFileType = wrapper.application; includeInIndex = 0; path = "1 lesson.app"; sourceTree = BUILT_PRODUCTS_DIR; };
		63F6414426E500730039743F /* AppDelegate.swift */ = {isa = PBXFileReference; lastKnownFileType = sourcecode.swift; path = AppDelegate.swift; sourceTree = "<group>"; };
		63F6414626E500730039743F /* SceneDelegate.swift */ = {isa = PBXFileReference; lastKnownFileType = sourcecode.swift; path = SceneDelegate.swift; sourceTree = "<group>"; };
		63F6414826E500730039743F /* MainViewController.swift */ = {isa = PBXFileReference; lastKnownFileType = sourcecode.swift; path = MainViewController.swift; sourceTree = "<group>"; };
		63F6414B26E500730039743F /* Base */ = {isa = PBXFileReference; lastKnownFileType = file.storyboard; name = Base; path = Base.lproj/Main.storyboard; sourceTree = "<group>"; };
		63F6414D26E500740039743F /* Assets.xcassets */ = {isa = PBXFileReference; lastKnownFileType = folder.assetcatalog; path = Assets.xcassets; sourceTree = "<group>"; };
		63F6415026E500750039743F /* Base */ = {isa = PBXFileReference; lastKnownFileType = file.storyboard; name = Base; path = Base.lproj/LaunchScreen.storyboard; sourceTree = "<group>"; };
		63F6415226E500750039743F /* Info.plist */ = {isa = PBXFileReference; lastKnownFileType = text.plist.xml; path = Info.plist; sourceTree = "<group>"; };
/* End PBXFileReference section */

/* Begin PBXFrameworksBuildPhase section */
		63F6413E26E500730039743F /* Frameworks */ = {
			isa = PBXFrameworksBuildPhase;
			buildActionMask = 2147483647;
			files = (
			);
			runOnlyForDeploymentPostprocessing = 0;
		};
/* End PBXFrameworksBuildPhase section */

/* Begin PBXGroup section */
		631EE9D226E7EA90001B8C8D /* TabBar */ = {
			isa = PBXGroup;
			children = (
				631EE9CE26E7E9D4001B8C8D /* TabBar.storyboard */,
				631EE9D026E7EA7C001B8C8D /* TabBarViewController.swift */,
			);
			path = TabBar;
			sourceTree = "<group>";
		};
		631EE9D326E7EAD4001B8C8D /* Main */ = {
			isa = PBXGroup;
			children = (
				63F6414826E500730039743F /* MainViewController.swift */,
				63F6414A26E500730039743F /* Main.storyboard */,
			);
			path = Main;
			sourceTree = "<group>";
		};
		631EE9DD26ECE7EC001B8C8D /* TabsTable */ = {
			isa = PBXGroup;
			children = (
				631EE9D926ECE419001B8C8D /* Friends.storyboard */,
				631AF27826EF9EA900938AFD /* FriendsCell.swift */,
				631EE9DE26ECF2B5001B8C8D /* FriendsController.swift */,
				631EE9DB26ECE45F001B8C8D /* Communities.storyboard */,
				631EE9E426ECFF92001B8C8D /* CommunitiesCell.swift */,
				631EE9E026ECF2D1001B8C8D /* CommunitiesController.swift */,
				6316E61626FE5A5E003F1DD0 /* NewsController.storyboard */,
				6316E61126FE591F003F1DD0 /* NewsController.swift */,
				63EADA6E26FF6CBC000FCC40 /* NewsCell.swift */,
			);
			path = TabsTable;
			sourceTree = "<group>";
		};
		63425B6126F35EFE00B8EB36 /* Model */ = {
			isa = PBXGroup;
			children = (
				63425B5D26F35ECA00B8EB36 /* User.swift */,
				63425B5F26F35EF700B8EB36 /* Group.swift */,
			);
			path = Model;
			sourceTree = "<group>";
		};
		637F295E26EE8EEA003DA5E3 /* PhotoCollecton */ = {
			isa = PBXGroup;
			children = (
				637F295F26EE8F8B003DA5E3 /* PhotoCollection.storyboard */,
				637F296126EE8FB1003DA5E3 /* PhotoCollection.swift */,
				63A76CF626F1F8E700DF9557 /* PhotoCollectionCell.swift */,
			);
			path = PhotoCollecton;
			sourceTree = "<group>";
		};
		637F296726EE9009003DA5E3 /* SearchCommunities */ = {
			isa = PBXGroup;
			children = (
				637F296326EE8FF8003DA5E3 /* SearchCommunities.swift */,
				63A76CF826F2013400DF9557 /* SearchCommunitiesCell.swift */,
				637F296526EE9002003DA5E3 /* SearchCommunities.storyboard */,
			);
			path = SearchCommunities;
			sourceTree = "<group>";
		};
		63F6413826E500730039743F = {
			isa = PBXGroup;
			children = (
				63F6414326E500730039743F /* 1 lesson */,
				63F6414226E500730039743F /* Products */,
			);
			sourceTree = "<group>";
		};
		63F6414226E500730039743F /* Products */ = {
			isa = PBXGroup;
			children = (
				63F6414126E500730039743F /* 1 lesson.app */,
			);
			name = Products;
			sourceTree = "<group>";
		};
		63F6414326E500730039743F /* 1 lesson */ = {
			isa = PBXGroup;
			children = (
				6316E60D26FE33DC003F1DD0 /* R.swift */,
				63F6414426E500730039743F /* AppDelegate.swift */,
				63F6414626E500730039743F /* SceneDelegate.swift */,
				63425B6126F35EFE00B8EB36 /* Model */,
				631EE9D326E7EAD4001B8C8D /* Main */,
				631EE9D226E7EA90001B8C8D /* TabBar */,
				631EE9DD26ECE7EC001B8C8D /* TabsTable */,
				637F295E26EE8EEA003DA5E3 /* PhotoCollecton */,
				637F296726EE9009003DA5E3 /* SearchCommunities */,
				63F6414D26E500740039743F /* Assets.xcassets */,
				63F6414F26E500750039743F /* LaunchScreen.storyboard */,
				63F6415226E500750039743F /* Info.plist */,
			);
			path = "1 lesson";
			sourceTree = "<group>";
		};
/* End PBXGroup section */

/* Begin PBXNativeTarget section */
		63F6414026E500730039743F /* 1 lesson */ = {
			isa = PBXNativeTarget;
			buildConfigurationList = 63F6415526E500750039743F /* Build configuration list for PBXNativeTarget "1 lesson" */;
			buildPhases = (
				63F6413D26E500730039743F /* Sources */,
				63F6413E26E500730039743F /* Frameworks */,
				63F6413F26E500730039743F /* Resources */,
			);
			buildRules = (
			);
			dependencies = (
			);
			name = "1 lesson";
			productName = "1 lesson";
			productReference = 63F6414126E500730039743F /* 1 lesson.app */;
			productType = "com.apple.product-type.application";
		};
/* End PBXNativeTarget section */

/* Begin PBXProject section */
		63F6413926E500730039743F /* Project object */ = {
			isa = PBXProject;
			attributes = {
				BuildIndependentTargetsInParallel = 1;
				LastSwiftUpdateCheck = 1300;
				LastUpgradeCheck = 1300;
				TargetAttributes = {
					63F6414026E500730039743F = {
						CreatedOnToolsVersion = 13.0;
					};
				};
			};
			buildConfigurationList = 63F6413C26E500730039743F /* Build configuration list for PBXProject "1 lesson" */;
			compatibilityVersion = "Xcode 13.0";
			developmentRegion = en;
			hasScannedForEncodings = 0;
			knownRegions = (
				en,
				Base,
			);
			mainGroup = 63F6413826E500730039743F;
			productRefGroup = 63F6414226E500730039743F /* Products */;
			projectDirPath = "";
			projectRoot = "";
			targets = (
				63F6414026E500730039743F /* 1 lesson */,
			);
		};
/* End PBXProject section */

/* Begin PBXResourcesBuildPhase section */
		63F6413F26E500730039743F /* Resources */ = {
			isa = PBXResourcesBuildPhase;
			buildActionMask = 2147483647;
			files = (
				63F6415126E500750039743F /* LaunchScreen.storyboard in Resources */,
				6316E61726FE5A5E003F1DD0 /* NewsController.storyboard in Resources */,
				63F6414E26E500740039743F /* Assets.xcassets in Resources */,
				631EE9DC26ECE45F001B8C8D /* Communities.storyboard in Resources */,
				63F6414C26E500730039743F /* Main.storyboard in Resources */,
				631EE9DA26ECE41A001B8C8D /* Friends.storyboard in Resources */,
				631EE9CF26E7E9D4001B8C8D /* TabBar.storyboard in Resources */,
				637F296626EE9002003DA5E3 /* SearchCommunities.storyboard in Resources */,
				637F296026EE8F8B003DA5E3 /* PhotoCollection.storyboard in Resources */,
			);
			runOnlyForDeploymentPostprocessing = 0;
		};
/* End PBXResourcesBuildPhase section */

/* Begin PBXSourcesBuildPhase section */
		63F6413D26E500730039743F /* Sources */ = {
			isa = PBXSourcesBuildPhase;
			buildActionMask = 2147483647;
			files = (
				6316E61326FE5920003F1DD0 /* NewsController.swift in Sources */,
				63425B5E26F35ECA00B8EB36 /* User.swift in Sources */,
				63F6414926E500730039743F /* MainViewController.swift in Sources */,
				63A76CF926F2013400DF9557 /* SearchCommunitiesCell.swift in Sources */,
				637F296226EE8FB1003DA5E3 /* PhotoCollection.swift in Sources */,
				6316E60E26FE33DC003F1DD0 /* R.swift in Sources */,
				631EE9E126ECF2D1001B8C8D /* CommunitiesController.swift in Sources */,
				637F296426EE8FF8003DA5E3 /* SearchCommunities.swift in Sources */,
				63F6414526E500730039743F /* AppDelegate.swift in Sources */,
				63425B6026F35EF700B8EB36 /* Group.swift in Sources */,
				631EE9D126E7EA7C001B8C8D /* TabBarViewController.swift in Sources */,
				631EE9DF26ECF2B5001B8C8D /* FriendsController.swift in Sources */,
				631EE9E526ECFF92001B8C8D /* CommunitiesCell.swift in Sources */,
				63EADA6F26FF6CBC000FCC40 /* NewsCell.swift in Sources */,
				63A76CF726F1F8E800DF9557 /* PhotoCollectionCell.swift in Sources */,
				63F6414726E500730039743F /* SceneDelegate.swift in Sources */,
				631AF27926EF9EA900938AFD /* FriendsCell.swift in Sources */,
			);
			runOnlyForDeploymentPostprocessing = 0;
		};
/* End PBXSourcesBuildPhase section */

/* Begin PBXVariantGroup section */
		63F6414A26E500730039743F /* Main.storyboard */ = {
			isa = PBXVariantGroup;
			children = (
				63F6414B26E500730039743F /* Base */,
			);
			name = Main.storyboard;
			sourceTree = "<group>";
		};
		63F6414F26E500750039743F /* LaunchScreen.storyboard */ = {
			isa = PBXVariantGroup;
			children = (
				63F6415026E500750039743F /* Base */,
			);
			name = LaunchScreen.storyboard;
			sourceTree = "<group>";
		};
/* End PBXVariantGroup section */

/* Begin XCBuildConfiguration section */
		63F6415326E500750039743F /* Debug */ = {
			isa = XCBuildConfiguration;
			buildSettings = {
				ALWAYS_SEARCH_USER_PATHS = NO;
				CLANG_ANALYZER_NONNULL = YES;
				CLANG_ANALYZER_NUMBER_OBJECT_CONVERSION = YES_AGGRESSIVE;
				CLANG_CXX_LANGUAGE_STANDARD = "gnu++17";
				CLANG_CXX_LIBRARY = "libc++";
				CLANG_ENABLE_MODULES = YES;
				CLANG_ENABLE_OBJC_ARC = YES;
				CLANG_ENABLE_OBJC_WEAK = YES;
				CLANG_WARN_BLOCK_CAPTURE_AUTORELEASING = YES;
				CLANG_WARN_BOOL_CONVERSION = YES;
				CLANG_WARN_COMMA = YES;
				CLANG_WARN_CONSTANT_CONVERSION = YES;
				CLANG_WARN_DEPRECATED_OBJC_IMPLEMENTATIONS = YES;
				CLANG_WARN_DIRECT_OBJC_ISA_USAGE = YES_ERROR;
				CLANG_WARN_DOCUMENTATION_COMMENTS = YES;
				CLANG_WARN_EMPTY_BODY = YES;
				CLANG_WARN_ENUM_CONVERSION = YES;
				CLANG_WARN_INFINITE_RECURSION = YES;
				CLANG_WARN_INT_CONVERSION = YES;
				CLANG_WARN_NON_LITERAL_NULL_CONVERSION = YES;
				CLANG_WARN_OBJC_IMPLICIT_RETAIN_SELF = YES;
				CLANG_WARN_OBJC_LITERAL_CONVERSION = YES;
				CLANG_WARN_OBJC_ROOT_CLASS = YES_ERROR;
				CLANG_WARN_QUOTED_INCLUDE_IN_FRAMEWORK_HEADER = YES;
				CLANG_WARN_RANGE_LOOP_ANALYSIS = YES;
				CLANG_WARN_STRICT_PROTOTYPES = YES;
				CLANG_WARN_SUSPICIOUS_MOVE = YES;
				CLANG_WARN_UNGUARDED_AVAILABILITY = YES_AGGRESSIVE;
				CLANG_WARN_UNREACHABLE_CODE = YES;
				CLANG_WARN__DUPLICATE_METHOD_MATCH = YES;
				COPY_PHASE_STRIP = NO;
				DEBUG_INFORMATION_FORMAT = dwarf;
				ENABLE_STRICT_OBJC_MSGSEND = YES;
				ENABLE_TESTABILITY = YES;
				GCC_C_LANGUAGE_STANDARD = gnu11;
				GCC_DYNAMIC_NO_PIC = NO;
				GCC_NO_COMMON_BLOCKS = YES;
				GCC_OPTIMIZATION_LEVEL = 0;
				GCC_PREPROCESSOR_DEFINITIONS = (
					"DEBUG=1",
					"$(inherited)",
				);
				GCC_WARN_64_TO_32_BIT_CONVERSION = YES;
				GCC_WARN_ABOUT_RETURN_TYPE = YES_ERROR;
				GCC_WARN_UNDECLARED_SELECTOR = YES;
				GCC_WARN_UNINITIALIZED_AUTOS = YES_AGGRESSIVE;
				GCC_WARN_UNUSED_FUNCTION = YES;
				GCC_WARN_UNUSED_VARIABLE = YES;
				IPHONEOS_DEPLOYMENT_TARGET = 15.0;
				MTL_ENABLE_DEBUG_INFO = INCLUDE_SOURCE;
				MTL_FAST_MATH = YES;
				ONLY_ACTIVE_ARCH = YES;
				SDKROOT = iphoneos;
				SWIFT_ACTIVE_COMPILATION_CONDITIONS = DEBUG;
				SWIFT_OPTIMIZATION_LEVEL = "-Onone";
			};
			name = Debug;
		};
		63F6415426E500750039743F /* Release */ = {
			isa = XCBuildConfiguration;
			buildSettings = {
				ALWAYS_SEARCH_USER_PATHS = NO;
				CLANG_ANALYZER_NONNULL = YES;
				CLANG_ANALYZER_NUMBER_OBJECT_CONVERSION = YES_AGGRESSIVE;
				CLANG_CXX_LANGUAGE_STANDARD = "gnu++17";
				CLANG_CXX_LIBRARY = "libc++";
				CLANG_ENABLE_MODULES = YES;
				CLANG_ENABLE_OBJC_ARC = YES;
				CLANG_ENABLE_OBJC_WEAK = YES;
				CLANG_WARN_BLOCK_CAPTURE_AUTORELEASING = YES;
				CLANG_WARN_BOOL_CONVERSION = YES;
				CLANG_WARN_COMMA = YES;
				CLANG_WARN_CONSTANT_CONVERSION = YES;
				CLANG_WARN_DEPRECATED_OBJC_IMPLEMENTATIONS = YES;
				CLANG_WARN_DIRECT_OBJC_ISA_USAGE = YES_ERROR;
				CLANG_WARN_DOCUMENTATION_COMMENTS = YES;
				CLANG_WARN_EMPTY_BODY = YES;
				CLANG_WARN_ENUM_CONVERSION = YES;
				CLANG_WARN_INFINITE_RECURSION = YES;
				CLANG_WARN_INT_CONVERSION = YES;
				CLANG_WARN_NON_LITERAL_NULL_CONVERSION = YES;
				CLANG_WARN_OBJC_IMPLICIT_RETAIN_SELF = YES;
				CLANG_WARN_OBJC_LITERAL_CONVERSION = YES;
				CLANG_WARN_OBJC_ROOT_CLASS = YES_ERROR;
				CLANG_WARN_QUOTED_INCLUDE_IN_FRAMEWORK_HEADER = YES;
				CLANG_WARN_RANGE_LOOP_ANALYSIS = YES;
				CLANG_WARN_STRICT_PROTOTYPES = YES;
				CLANG_WARN_SUSPICIOUS_MOVE = YES;
				CLANG_WARN_UNGUARDED_AVAILABILITY = YES_AGGRESSIVE;
				CLANG_WARN_UNREACHABLE_CODE = YES;
				CLANG_WARN__DUPLICATE_METHOD_MATCH = YES;
				COPY_PHASE_STRIP = NO;
				DEBUG_INFORMATION_FORMAT = "dwarf-with-dsym";
				ENABLE_NS_ASSERTIONS = NO;
				ENABLE_STRICT_OBJC_MSGSEND = YES;
				GCC_C_LANGUAGE_STANDARD = gnu11;
				GCC_NO_COMMON_BLOCKS = YES;
				GCC_WARN_64_TO_32_BIT_CONVERSION = YES;
				GCC_WARN_ABOUT_RETURN_TYPE = YES_ERROR;
				GCC_WARN_UNDECLARED_SELECTOR = YES;
				GCC_WARN_UNINITIALIZED_AUTOS = YES_AGGRESSIVE;
				GCC_WARN_UNUSED_FUNCTION = YES;
				GCC_WARN_UNUSED_VARIABLE = YES;
				IPHONEOS_DEPLOYMENT_TARGET = 15.0;
				MTL_ENABLE_DEBUG_INFO = NO;
				MTL_FAST_MATH = YES;
				SDKROOT = iphoneos;
				SWIFT_COMPILATION_MODE = wholemodule;
				SWIFT_OPTIMIZATION_LEVEL = "-O";
				VALIDATE_PRODUCT = YES;
			};
			name = Release;
		};
		63F6415626E500750039743F /* Debug */ = {
			isa = XCBuildConfiguration;
			buildSettings = {
				ASSETCATALOG_COMPILER_APPICON_NAME = AppIcon;
				ASSETCATALOG_COMPILER_GLOBAL_ACCENT_COLOR_NAME = AccentColor;
				CODE_SIGN_STYLE = Automatic;
				CURRENT_PROJECT_VERSION = 1;
				DEVELOPMENT_TEAM = GKJFG6VZG8;
				GENERATE_INFOPLIST_FILE = YES;
				INFOPLIST_FILE = "1 lesson/Info.plist";
				INFOPLIST_KEY_UIApplicationSupportsIndirectInputEvents = YES;
				INFOPLIST_KEY_UILaunchStoryboardName = LaunchScreen;
				INFOPLIST_KEY_UIMainStoryboardFile = Main;
				INFOPLIST_KEY_UISupportedInterfaceOrientations_iPad = "UIInterfaceOrientationPortrait UIInterfaceOrientationPortraitUpsideDown UIInterfaceOrientationLandscapeLeft UIInterfaceOrientationLandscapeRight";
				INFOPLIST_KEY_UISupportedInterfaceOrientations_iPhone = "UIInterfaceOrientationPortrait UIInterfaceOrientationLandscapeLeft UIInterfaceOrientationLandscapeRight";
				LD_RUNPATH_SEARCH_PATHS = (
					"$(inherited)",
					"@executable_path/Frameworks",
				);
				MARKETING_VERSION = 1.0;
				PRODUCT_BUNDLE_IDENTIFIER = "-.--lesson";
				PRODUCT_NAME = "$(TARGET_NAME)";
				SWIFT_EMIT_LOC_STRINGS = YES;
				SWIFT_VERSION = 5.0;
				TARGETED_DEVICE_FAMILY = "1,2";
			};
			name = Debug;
		};
		63F6415726E500750039743F /* Release */ = {
			isa = XCBuildConfiguration;
			buildSettings = {
				ASSETCATALOG_COMPILER_APPICON_NAME = AppIcon;
				ASSETCATALOG_COMPILER_GLOBAL_ACCENT_COLOR_NAME = AccentColor;
				CODE_SIGN_STYLE = Automatic;
				CURRENT_PROJECT_VERSION = 1;
				DEVELOPMENT_TEAM = GKJFG6VZG8;
				GENERATE_INFOPLIST_FILE = YES;
				INFOPLIST_FILE = "1 lesson/Info.plist";
				INFOPLIST_KEY_UIApplicationSupportsIndirectInputEvents = YES;
				INFOPLIST_KEY_UILaunchStoryboardName = LaunchScreen;
				INFOPLIST_KEY_UIMainStoryboardFile = Main;
				INFOPLIST_KEY_UISupportedInterfaceOrientations_iPad = "UIInterfaceOrientationPortrait UIInterfaceOrientationPortraitUpsideDown UIInterfaceOrientationLandscapeLeft UIInterfaceOrientationLandscapeRight";
				INFOPLIST_KEY_UISupportedInterfaceOrientations_iPhone = "UIInterfaceOrientationPortrait UIInterfaceOrientationLandscapeLeft UIInterfaceOrientationLandscapeRight";
				LD_RUNPATH_SEARCH_PATHS = (
					"$(inherited)",
					"@executable_path/Frameworks",
				);
				MARKETING_VERSION = 1.0;
				PRODUCT_BUNDLE_IDENTIFIER = "-.--lesson";
				PRODUCT_NAME = "$(TARGET_NAME)";
				SWIFT_EMIT_LOC_STRINGS = YES;
				SWIFT_VERSION = 5.0;
				TARGETED_DEVICE_FAMILY = "1,2";
			};
			name = Release;
		};
/* End XCBuildConfiguration section */

/* Begin XCConfigurationList section */
		63F6413C26E500730039743F /* Build configuration list for PBXProject "1 lesson" */ = {
			isa = XCConfigurationList;
			buildConfigurations = (
				63F6415326E500750039743F /* Debug */,
				63F6415426E500750039743F /* Release */,
			);
			defaultConfigurationIsVisible = 0;
			defaultConfigurationName = Release;
		};
		63F6415526E500750039743F /* Build configuration list for PBXNativeTarget "1 lesson" */ = {
			isa = XCConfigurationList;
			buildConfigurations = (
				63F6415626E500750039743F /* Debug */,
				63F6415726E500750039743F /* Release */,
			);
			defaultConfigurationIsVisible = 0;
			defaultConfigurationName = Release;
		};
/* End XCConfigurationList section */
	};
	rootObject = 63F6413926E500730039743F /* Project object */;
}
